
Microsoft Visual Studio Solution File, Format Version 12.00
# Visual Studio Version 17
VisualStudioVersion = 17.11.35222.181
MinimumVisualStudioVersion = 10.0.40219.1
Project("{FAE04EC0-301F-11D3-BF4B-00C04F79EFBC}") = "YuleCoding.Console", "YuleCoding.Console\YuleCoding.Console.csproj", "{5FDF5880-2C50-4FF1-8533-7760EC061898}"
EndProject
Project("{FAE04EC0-301F-11D3-BF4B-00C04F79EFBC}") = "YuleCoding.Tests", "YuleCoding.Tests\YuleCoding.Tests.csproj", "{9ED31F96-A402-4B86-A5D5-310F22ECBF61}"
EndProject
Global
	GlobalSection(SolutionConfigurationPlatforms) = preSolution
		Debug|Any CPU = Debug|Any CPU
		Release|Any CPU = Release|Any CPU
	EndGlobalSection
	GlobalSection(ProjectConfigurationPlatforms) = postSolution
		{5FDF5880-2C50-4FF1-8533-7760EC061898}.Debug|Any CPU.ActiveCfg = Debug|Any CPU
		{5FDF5880-2C50-4FF1-8533-7760EC061898}.Debug|Any CPU.Build.0 = Debug|Any CPU
		{5FDF5880-2C50-4FF1-8533-7760EC061898}.Release|Any CPU.ActiveCfg = Release|Any CPU
		{5FDF5880-2C50-4FF1-8533-7760EC061898}.Release|Any CPU.Build.0 = Release|Any CPU
		{9ED31F96-A402-4B86-A5D5-310F22ECBF61}.Debug|Any CPU.ActiveCfg = Debug|Any CPU
		{9ED31F96-A402-4B86-A5D5-310F22ECBF61}.Debug|Any CPU.Build.0 = Debug|Any CPU
		{9ED31F96-A402-4B86-A5D5-310F22ECBF61}.Release|Any CPU.ActiveCfg = Release|Any CPU
		{9ED31F96-A402-4B86-A5D5-310F22ECBF61}.Release|Any CPU.Build.0 = Release|Any CPU
	EndGlobalSection
	GlobalSection(SolutionProperties) = preSolution
		HideSolutionNode = FALSE
	EndGlobalSection
	GlobalSection(ExtensibilityGlobals) = postSolution
		SolutionGuid = {5C62166C-8B7C-4F68-B85E-D6883064AB26}
	EndGlobalSection
EndGlobal
